
Microsoft Visual Studio Solution File, Format Version 12.00
# Visual Studio Version 17
VisualStudioVersion = 17.9.34728.123
MinimumVisualStudioVersion = 10.0.40219.1
Project("{8BC9CEB8-8B4A-11D0-8D11-00A0C91BC942}") = "Chapter1", "Learning1\Learning1.vcxproj", "{E68199B5-CDA5-415E-A7A6-DAE6F5373344}"
EndProject
Project("{8BC9CEB8-8B4A-11D0-8D11-00A0C91BC942}") = "ConsoleApplication1", "ConsoleApplication1\ConsoleApplication1.vcxproj", "{7A9C612E-67E8-4570-BC4E-44A5C4467C09}"
EndProject
Project("{8BC9CEB8-8B4A-11D0-8D11-00A0C91BC942}") = "Chapter2", "Chapter2\Chapter2.vcxproj", "{F2EAF53A-28B8-4357-ADA1-2B99B4C9E85C}"
EndProject
Project("{9A19103F-16F7-4668-BE54-9A1E7A4F7556}") = "好玩的", "好玩的\好玩的.csproj", "{0D426E39-D6AA-4574-85E9-24A58DFB9700}"
EndProject
Project("{8BC9CEB8-8B4A-11D0-8D11-00A0C91BC942}") = "指针", "指针\指针.vcxproj", "{DC6F69E6-A142-4B15-8232-BE9767376BA8}"
EndProject
Project("{8BC9CEB8-8B4A-11D0-8D11-00A0C91BC942}") = "命令驱动", "命令驱动\命令驱动.vcxproj", "{7BCDA264-3063-4649-AE08-6220357407BD}"
EndProject
Project("{8BC9CEB8-8B4A-11D0-8D11-00A0C91BC942}") = "命令驱动-进阶", "命令驱动-进阶\命令驱动-进阶.vcxproj", "{2F2805D7-CC6F-4ADF-BDE7-4ADC97D50286}"
EndProject
Project("{8BC9CEB8-8B4A-11D0-8D11-00A0C91BC942}") = "Chapter3", "Chapter3\Chapter3.vcxproj", "{15A7E4C2-CAB5-4123-9FAD-AC0032C9BD77}"
EndProject
Project("{FAE04EC0-301F-11D3-BF4B-00C04F79EFBC}") = "k-means", "k-means\k-means.csproj", "{DA5EA947-2A18-42CB-BDC6-8DD25DF367A7}"
EndProject
Project("{FAE04EC0-301F-11D3-BF4B-00C04F79EFBC}") = "k-means-gui", "k-means-gui\k-means-gui.csproj", "{C24EEBCA-9145-40CB-9E74-BBA9C6579F46}"
EndProject
Project("{FAE04EC0-301F-11D3-BF4B-00C04F79EFBC}") = "CheckRemoteDebuggerPresent", "CheckRemoteDebuggerPresent\CheckRemoteDebuggerPresent.csproj", "{A7280124-98B1-4B67-B7E2-27B763AE5E3D}"
EndProject
Project("{2150E333-8FDC-42A3-9474-1A3956D46DE8}") = "Anti-Debugging", "Anti-Debugging", "{BB76EAEF-8C77-49CE-81E9-D80639F3ACAE}"
EndProject
Project("{FAE04EC0-301F-11D3-BF4B-00C04F79EFBC}") = "Debugger.IsAttached", "Debugger.IsAttached\Debugger.IsAttached.csproj", "{66509945-6517-4D91-AACB-DD4E41ACEBEB}"
EndProject
Project("{FAE04EC0-301F-11D3-BF4B-00C04F79EFBC}") = "IsDebuggerPresent", "IsDebuggerPresent\IsDebuggerPresent.csproj", "{868E5786-0B5F-4B4B-AE59-F1958B90FCA8}"
EndProject
Project("{FAE04EC0-301F-11D3-BF4B-00C04F79EFBC}") = "CheckRemoteDebuggerPresentSelf", "CheckRemoteDebuggerPresentSelf\CheckRemoteDebuggerPresentSelf.csproj", "{1DFCB087-2809-496C-B7B0-2DB20810126E}"
EndProject
Project("{FAE04EC0-301F-11D3-BF4B-00C04F79EFBC}") = "FindWindows", "FindWindows\FindWindows.csproj", "{5FCE84FF-4F2D-4162-AF99-FE97DB1F294B}"
EndProject
Project("{8BC9CEB8-8B4A-11D0-8D11-00A0C91BC942}") = "GetProcessModules", "GetProcessModules\GetProcessModules.vcxproj", "{8C597F9C-AB55-4F45-9DB5-0598D0089F44}"
EndProject
Project("{8BC9CEB8-8B4A-11D0-8D11-00A0C91BC942}") = "OpenProcess", "OpenProcess\OpenProcess.vcxproj", "{8AF0A609-00BF-496D-8418-00F76384FD4C}"
EndProject
Project("{FAE04EC0-301F-11D3-BF4B-00C04F79EFBC}") = "PollyTTT", "PollyTTT\PollyTTT.csproj", "{72A5844E-21A6-474D-AAEA-106EB72A9115}"
EndProject
Project("{FAE04EC0-301F-11D3-BF4B-00C04F79EFBC}") = "委托", "委托\委托.csproj", "{3A34665E-753B-4086-BECD-51EB02E3C25B}"
EndProject
Project("{FAE04EC0-301F-11D3-BF4B-00C04F79EFBC}") = "线程", "线程\线程.csproj", "{9533575D-978F-4E4A-ACB6-B5966B53B9AD}"
EndProject
Project("{FAE04EC0-301F-11D3-BF4B-00C04F79EFBC}") = "UDPServer", "UDPServer\UDPServer.csproj", "{E2B0838D-5347-4CC0-AF37-15DFE6E0FB96}"
EndProject
Project("{FAE04EC0-301F-11D3-BF4B-00C04F79EFBC}") = "UDPClient", "UDPClient\UDPClient.csproj", "{1C096C6F-3402-41EB-93B7-34425C5257AF}"
EndProject
Project("{FAE04EC0-301F-11D3-BF4B-00C04F79EFBC}") = "并行测试", "并行测试\并行测试.csproj", "{310D922F-D274-4A5B-B80F-27B9CEBD0572}"
EndProject
Project("{FAE04EC0-301F-11D3-BF4B-00C04F79EFBC}") = "矩阵和秒表示例", "矩阵和秒表示例\矩阵和秒表示例.csproj", "{48E772C7-8E52-4282-AC2B-58300DE5A6CF}"
EndProject
Project("{FAE04EC0-301F-11D3-BF4B-00C04F79EFBC}") = "并行demo", "并行demo\并行demo.csproj", "{67726E4B-CC08-48E9-B39F-915C1C80F1BE}"
EndProject
Project("{FAE04EC0-301F-11D3-BF4B-00C04F79EFBC}") = "血压仪", "血压仪\血压仪.csproj", "{24FE305A-92A1-4E38-B21F-6F50F6D17B7C}"
EndProject
Project("{FAE04EC0-301F-11D3-BF4B-00C04F79EFBC}") = "大数据写入", "大数据写入\大数据写入.csproj", "{0D46B0C7-5D0F-4847-BECB-7E2EB549D3CD}"
EndProject
Project("{FAE04EC0-301F-11D3-BF4B-00C04F79EFBC}") = "大数据写入2", "大数据写入2\大数据写入2.csproj", "{D35E31BA-C8FF-4A4C-AADD-0196AF9D463A}"
EndProject
Project("{FAE04EC0-301F-11D3-BF4B-00C04F79EFBC}") = "ConsoleApp1", "ConsoleApp1\ConsoleApp1.csproj", "{488D9E4F-F0E3-4BC0-9E22-F9945554B79F}"
EndProject
Project("{FAE04EC0-301F-11D3-BF4B-00C04F79EFBC}") = "专业组项目测试", "专业组项目测试\专业组项目测试.csproj", "{6AFC100C-B5CB-479F-8379-F8318D76E919}"
EndProject
Project("{FAE04EC0-301F-11D3-BF4B-00C04F79EFBC}") = "ConsoleApp2", "ConsoleApp2\ConsoleApp2.csproj", "{F9F6D20B-F257-4D35-A960-C2902A786403}"
EndProject
Project("{FAE04EC0-301F-11D3-BF4B-00C04F79EFBC}") = "消息队列", "消息队列\消息队列.csproj", "{483205D6-34B5-46CD-89A5-E955F49FD9BB}"
EndProject
Global
	GlobalSection(SolutionConfigurationPlatforms) = preSolution
		Debug|Any CPU = Debug|Any CPU
		Debug|x64 = Debug|x64
		Debug|x86 = Debug|x86
		Release|Any CPU = Release|Any CPU
		Release|x64 = Release|x64
		Release|x86 = Release|x86
	EndGlobalSection
	GlobalSection(ProjectConfigurationPlatforms) = postSolution
		{E68199B5-CDA5-415E-A7A6-DAE6F5373344}.Debug|Any CPU.ActiveCfg = Debug|x64
		{E68199B5-CDA5-415E-A7A6-DAE6F5373344}.Debug|Any CPU.Build.0 = Debug|x64
		{E68199B5-CDA5-415E-A7A6-DAE6F5373344}.Debug|x64.ActiveCfg = Debug|x64
		{E68199B5-CDA5-415E-A7A6-DAE6F5373344}.Debug|x64.Build.0 = Debug|x64
		{E68199B5-CDA5-415E-A7A6-DAE6F5373344}.Debug|x86.ActiveCfg = Debug|Win32
		{E68199B5-CDA5-415E-A7A6-DAE6F5373344}.Debug|x86.Build.0 = Debug|Win32
		{E68199B5-CDA5-415E-A7A6-DAE6F5373344}.Release|Any CPU.ActiveCfg = Release|x64
		{E68199B5-CDA5-415E-A7A6-DAE6F5373344}.Release|Any CPU.Build.0 = Release|x64
		{E68199B5-CDA5-415E-A7A6-DAE6F5373344}.Release|x64.ActiveCfg = Release|x64
		{E68199B5-CDA5-415E-A7A6-DAE6F5373344}.Release|x64.Build.0 = Release|x64
		{E68199B5-CDA5-415E-A7A6-DAE6F5373344}.Release|x86.ActiveCfg = Release|Win32
		{E68199B5-CDA5-415E-A7A6-DAE6F5373344}.Release|x86.Build.0 = Release|Win32
		{7A9C612E-67E8-4570-BC4E-44A5C4467C09}.Debug|Any CPU.ActiveCfg = Debug|x64
		{7A9C612E-67E8-4570-BC4E-44A5C4467C09}.Debug|Any CPU.Build.0 = Debug|x64
		{7A9C612E-67E8-4570-BC4E-44A5C4467C09}.Debug|x64.ActiveCfg = Debug|x64
		{7A9C612E-67E8-4570-BC4E-44A5C4467C09}.Debug|x64.Build.0 = Debug|x64
		{7A9C612E-67E8-4570-BC4E-44A5C4467C09}.Debug|x86.ActiveCfg = Debug|Win32
		{7A9C612E-67E8-4570-BC4E-44A5C4467C09}.Debug|x86.Build.0 = Debug|Win32
		{7A9C612E-67E8-4570-BC4E-44A5C4467C09}.Release|Any CPU.ActiveCfg = Release|x64
		{7A9C612E-67E8-4570-BC4E-44A5C4467C09}.Release|Any CPU.Build.0 = Release|x64
		{7A9C612E-67E8-4570-BC4E-44A5C4467C09}.Release|x64.ActiveCfg = Release|x64
		{7A9C612E-67E8-4570-BC4E-44A5C4467C09}.Release|x64.Build.0 = Release|x64
		{7A9C612E-67E8-4570-BC4E-44A5C4467C09}.Release|x86.ActiveCfg = Release|Win32
		{7A9C612E-67E8-4570-BC4E-44A5C4467C09}.Release|x86.Build.0 = Release|Win32
		{F2EAF53A-28B8-4357-ADA1-2B99B4C9E85C}.Debug|Any CPU.ActiveCfg = Debug|x64
		{F2EAF53A-28B8-4357-ADA1-2B99B4C9E85C}.Debug|Any CPU.Build.0 = Debug|x64
		{F2EAF53A-28B8-4357-ADA1-2B99B4C9E85C}.Debug|x64.ActiveCfg = Debug|x64
		{F2EAF53A-28B8-4357-ADA1-2B99B4C9E85C}.Debug|x64.Build.0 = Debug|x64
		{F2EAF53A-28B8-4357-ADA1-2B99B4C9E85C}.Debug|x86.ActiveCfg = Debug|Win32
		{F2EAF53A-28B8-4357-ADA1-2B99B4C9E85C}.Debug|x86.Build.0 = Debug|Win32
		{F2EAF53A-28B8-4357-ADA1-2B99B4C9E85C}.Release|Any CPU.ActiveCfg = Release|x64
		{F2EAF53A-28B8-4357-ADA1-2B99B4C9E85C}.Release|Any CPU.Build.0 = Release|x64
		{F2EAF53A-28B8-4357-ADA1-2B99B4C9E85C}.Release|x64.ActiveCfg = Release|x64
		{F2EAF53A-28B8-4357-ADA1-2B99B4C9E85C}.Release|x64.Build.0 = Release|x64
		{F2EAF53A-28B8-4357-ADA1-2B99B4C9E85C}.Release|x86.ActiveCfg = Release|Win32
		{F2EAF53A-28B8-4357-ADA1-2B99B4C9E85C}.Release|x86.Build.0 = Release|Win32
		{0D426E39-D6AA-4574-85E9-24A58DFB9700}.Debug|Any CPU.ActiveCfg = Debug|Any CPU
		{0D426E39-D6AA-4574-85E9-24A58DFB9700}.Debug|Any CPU.Build.0 = Debug|Any CPU
		{0D426E39-D6AA-4574-85E9-24A58DFB9700}.Debug|x64.ActiveCfg = Debug|Any CPU
		{0D426E39-D6AA-4574-85E9-24A58DFB9700}.Debug|x64.Build.0 = Debug|Any CPU
		{0D426E39-D6AA-4574-85E9-24A58DFB9700}.Debug|x86.ActiveCfg = Debug|Any CPU
		{0D426E39-D6AA-4574-85E9-24A58DFB9700}.Debug|x86.Build.0 = Debug|Any CPU
		{0D426E39-D6AA-4574-85E9-24A58DFB9700}.Release|Any CPU.ActiveCfg = Release|Any CPU
		{0D426E39-D6AA-4574-85E9-24A58DFB9700}.Release|Any CPU.Build.0 = Release|Any CPU
		{0D426E39-D6AA-4574-85E9-24A58DFB9700}.Release|x64.ActiveCfg = Release|Any CPU
		{0D426E39-D6AA-4574-85E9-24A58DFB9700}.Release|x64.Build.0 = Release|Any CPU
		{0D426E39-D6AA-4574-85E9-24A58DFB9700}.Release|x86.ActiveCfg = Release|Any CPU
		{0D426E39-D6AA-4574-85E9-24A58DFB9700}.Release|x86.Build.0 = Release|Any CPU
		{DC6F69E6-A142-4B15-8232-BE9767376BA8}.Debug|Any CPU.ActiveCfg = Debug|x64
		{DC6F69E6-A142-4B15-8232-BE9767376BA8}.Debug|Any CPU.Build.0 = Debug|x64
		{DC6F69E6-A142-4B15-8232-BE9767376BA8}.Debug|x64.ActiveCfg = Debug|x64
		{DC6F69E6-A142-4B15-8232-BE9767376BA8}.Debug|x64.Build.0 = Debug|x64
		{DC6F69E6-A142-4B15-8232-BE9767376BA8}.Debug|x86.ActiveCfg = Debug|Win32
		{DC6F69E6-A142-4B15-8232-BE9767376BA8}.Debug|x86.Build.0 = Debug|Win32
		{DC6F69E6-A142-4B15-8232-BE9767376BA8}.Release|Any CPU.ActiveCfg = Release|x64
		{DC6F69E6-A142-4B15-8232-BE9767376BA8}.Release|Any CPU.Build.0 = Release|x64
		{DC6F69E6-A142-4B15-8232-BE9767376BA8}.Release|x64.ActiveCfg = Release|x64
		{DC6F69E6-A142-4B15-8232-BE9767376BA8}.Release|x64.Build.0 = Release|x64
		{DC6F69E6-A142-4B15-8232-BE9767376BA8}.Release|x86.ActiveCfg = Release|Win32
		{DC6F69E6-A142-4B15-8232-BE9767376BA8}.Release|x86.Build.0 = Release|Win32
		{7BCDA264-3063-4649-AE08-6220357407BD}.Debug|Any CPU.ActiveCfg = Debug|x64
		{7BCDA264-3063-4649-AE08-6220357407BD}.Debug|Any CPU.Build.0 = Debug|x64
		{7BCDA264-3063-4649-AE08-6220357407BD}.Debug|x64.ActiveCfg = Debug|x64
		{7BCDA264-3063-4649-AE08-6220357407BD}.Debug|x64.Build.0 = Debug|x64
		{7BCDA264-3063-4649-AE08-6220357407BD}.Debug|x86.ActiveCfg = Debug|Win32
		{7BCDA264-3063-4649-AE08-6220357407BD}.Debug|x86.Build.0 = Debug|Win32
		{7BCDA264-3063-4649-AE08-6220357407BD}.Release|Any CPU.ActiveCfg = Release|x64
		{7BCDA264-3063-4649-AE08-6220357407BD}.Release|Any CPU.Build.0 = Release|x64
		{7BCDA264-3063-4649-AE08-6220357407BD}.Release|x64.ActiveCfg = Release|x64
		{7BCDA264-3063-4649-AE08-6220357407BD}.Release|x64.Build.0 = Release|x64
		{7BCDA264-3063-4649-AE08-6220357407BD}.Release|x86.ActiveCfg = Release|Win32
		{7BCDA264-3063-4649-AE08-6220357407BD}.Release|x86.Build.0 = Release|Win32
		{2F2805D7-CC6F-4ADF-BDE7-4ADC97D50286}.Debug|Any CPU.ActiveCfg = Debug|x64
		{2F2805D7-CC6F-4ADF-BDE7-4ADC97D50286}.Debug|Any CPU.Build.0 = Debug|x64
		{2F2805D7-CC6F-4ADF-BDE7-4ADC97D50286}.Debug|x64.ActiveCfg = Debug|x64
		{2F2805D7-CC6F-4ADF-BDE7-4ADC97D50286}.Debug|x64.Build.0 = Debug|x64
		{2F2805D7-CC6F-4ADF-BDE7-4ADC97D50286}.Debug|x86.ActiveCfg = Debug|Win32
		{2F2805D7-CC6F-4ADF-BDE7-4ADC97D50286}.Debug|x86.Build.0 = Debug|Win32
		{2F2805D7-CC6F-4ADF-BDE7-4ADC97D50286}.Release|Any CPU.ActiveCfg = Release|x64
		{2F2805D7-CC6F-4ADF-BDE7-4ADC97D50286}.Release|Any CPU.Build.0 = Release|x64
		{2F2805D7-CC6F-4ADF-BDE7-4ADC97D50286}.Release|x64.ActiveCfg = Release|x64
		{2F2805D7-CC6F-4ADF-BDE7-4ADC97D50286}.Release|x64.Build.0 = Release|x64
		{2F2805D7-CC6F-4ADF-BDE7-4ADC97D50286}.Release|x86.ActiveCfg = Release|Win32
		{2F2805D7-CC6F-4ADF-BDE7-4ADC97D50286}.Release|x86.Build.0 = Release|Win32
		{15A7E4C2-CAB5-4123-9FAD-AC0032C9BD77}.Debug|Any CPU.ActiveCfg = Debug|x64
		{15A7E4C2-CAB5-4123-9FAD-AC0032C9BD77}.Debug|Any CPU.Build.0 = Debug|x64
		{15A7E4C2-CAB5-4123-9FAD-AC0032C9BD77}.Debug|x64.ActiveCfg = Debug|x64
		{15A7E4C2-CAB5-4123-9FAD-AC0032C9BD77}.Debug|x64.Build.0 = Debug|x64
		{15A7E4C2-CAB5-4123-9FAD-AC0032C9BD77}.Debug|x86.ActiveCfg = Debug|Win32
		{15A7E4C2-CAB5-4123-9FAD-AC0032C9BD77}.Debug|x86.Build.0 = Debug|Win32
		{15A7E4C2-CAB5-4123-9FAD-AC0032C9BD77}.Release|Any CPU.ActiveCfg = Release|x64
		{15A7E4C2-CAB5-4123-9FAD-AC0032C9BD77}.Release|Any CPU.Build.0 = Release|x64
		{15A7E4C2-CAB5-4123-9FAD-AC0032C9BD77}.Release|x64.ActiveCfg = Release|x64
		{15A7E4C2-CAB5-4123-9FAD-AC0032C9BD77}.Release|x64.Build.0 = Release|x64
		{15A7E4C2-CAB5-4123-9FAD-AC0032C9BD77}.Release|x86.ActiveCfg = Release|Win32
		{15A7E4C2-CAB5-4123-9FAD-AC0032C9BD77}.Release|x86.Build.0 = Release|Win32
		{DA5EA947-2A18-42CB-BDC6-8DD25DF367A7}.Debug|Any CPU.ActiveCfg = Debug|Any CPU
		{DA5EA947-2A18-42CB-BDC6-8DD25DF367A7}.Debug|Any CPU.Build.0 = Debug|Any CPU
		{DA5EA947-2A18-42CB-BDC6-8DD25DF367A7}.Debug|x64.ActiveCfg = Debug|Any CPU
		{DA5EA947-2A18-42CB-BDC6-8DD25DF367A7}.Debug|x64.Build.0 = Debug|Any CPU
		{DA5EA947-2A18-42CB-BDC6-8DD25DF367A7}.Debug|x86.ActiveCfg = Debug|Any CPU
		{DA5EA947-2A18-42CB-BDC6-8DD25DF367A7}.Debug|x86.Build.0 = Debug|Any CPU
		{DA5EA947-2A18-42CB-BDC6-8DD25DF367A7}.Release|Any CPU.ActiveCfg = Release|Any CPU
		{DA5EA947-2A18-42CB-BDC6-8DD25DF367A7}.Release|Any CPU.Build.0 = Release|Any CPU
		{DA5EA947-2A18-42CB-BDC6-8DD25DF367A7}.Release|x64.ActiveCfg = Release|Any CPU
		{DA5EA947-2A18-42CB-BDC6-8DD25DF367A7}.Release|x64.Build.0 = Release|Any CPU
		{DA5EA947-2A18-42CB-BDC6-8DD25DF367A7}.Release|x86.ActiveCfg = Release|Any CPU
		{DA5EA947-2A18-42CB-BDC6-8DD25DF367A7}.Release|x86.Build.0 = Release|Any CPU
		{C24EEBCA-9145-40CB-9E74-BBA9C6579F46}.Debug|Any CPU.ActiveCfg = Debug|Any CPU
		{C24EEBCA-9145-40CB-9E74-BBA9C6579F46}.Debug|Any CPU.Build.0 = Debug|Any CPU
		{C24EEBCA-9145-40CB-9E74-BBA9C6579F46}.Debug|x64.ActiveCfg = Debug|Any CPU
		{C24EEBCA-9145-40CB-9E74-BBA9C6579F46}.Debug|x64.Build.0 = Debug|Any CPU
		{C24EEBCA-9145-40CB-9E74-BBA9C6579F46}.Debug|x86.ActiveCfg = Debug|Any CPU
		{C24EEBCA-9145-40CB-9E74-BBA9C6579F46}.Debug|x86.Build.0 = Debug|Any CPU
		{C24EEBCA-9145-40CB-9E74-BBA9C6579F46}.Release|Any CPU.ActiveCfg = Release|Any CPU
		{C24EEBCA-9145-40CB-9E74-BBA9C6579F46}.Release|Any CPU.Build.0 = Release|Any CPU
		{C24EEBCA-9145-40CB-9E74-BBA9C6579F46}.Release|x64.ActiveCfg = Release|Any CPU
		{C24EEBCA-9145-40CB-9E74-BBA9C6579F46}.Release|x64.Build.0 = Release|Any CPU
		{C24EEBCA-9145-40CB-9E74-BBA9C6579F46}.Release|x86.ActiveCfg = Release|Any CPU
		{C24EEBCA-9145-40CB-9E74-BBA9C6579F46}.Release|x86.Build.0 = Release|Any CPU
		{A7280124-98B1-4B67-B7E2-27B763AE5E3D}.Debug|Any CPU.ActiveCfg = Debug|Any CPU
		{A7280124-98B1-4B67-B7E2-27B763AE5E3D}.Debug|Any CPU.Build.0 = Debug|Any CPU
		{A7280124-98B1-4B67-B7E2-27B763AE5E3D}.Debug|x64.ActiveCfg = Debug|Any CPU
		{A7280124-98B1-4B67-B7E2-27B763AE5E3D}.Debug|x64.Build.0 = Debug|Any CPU
		{A7280124-98B1-4B67-B7E2-27B763AE5E3D}.Debug|x86.ActiveCfg = Debug|Any CPU
		{A7280124-98B1-4B67-B7E2-27B763AE5E3D}.Debug|x86.Build.0 = Debug|Any CPU
		{A7280124-98B1-4B67-B7E2-27B763AE5E3D}.Release|Any CPU.ActiveCfg = Release|Any CPU
		{A7280124-98B1-4B67-B7E2-27B763AE5E3D}.Release|Any CPU.Build.0 = Release|Any CPU
		{A7280124-98B1-4B67-B7E2-27B763AE5E3D}.Release|x64.ActiveCfg = Release|Any CPU
		{A7280124-98B1-4B67-B7E2-27B763AE5E3D}.Release|x64.Build.0 = Release|Any CPU
		{A7280124-98B1-4B67-B7E2-27B763AE5E3D}.Release|x86.ActiveCfg = Release|Any CPU
		{A7280124-98B1-4B67-B7E2-27B763AE5E3D}.Release|x86.Build.0 = Release|Any CPU
		{66509945-6517-4D91-AACB-DD4E41ACEBEB}.Debug|Any CPU.ActiveCfg = Debug|Any CPU
		{66509945-6517-4D91-AACB-DD4E41ACEBEB}.Debug|Any CPU.Build.0 = Debug|Any CPU
		{66509945-6517-4D91-AACB-DD4E41ACEBEB}.Debug|x64.ActiveCfg = Debug|Any CPU
		{66509945-6517-4D91-AACB-DD4E41ACEBEB}.Debug|x64.Build.0 = Debug|Any CPU
		{66509945-6517-4D91-AACB-DD4E41ACEBEB}.Debug|x86.ActiveCfg = Debug|Any CPU
		{66509945-6517-4D91-AACB-DD4E41ACEBEB}.Debug|x86.Build.0 = Debug|Any CPU
		{66509945-6517-4D91-AACB-DD4E41ACEBEB}.Release|Any CPU.ActiveCfg = Release|Any CPU
		{66509945-6517-4D91-AACB-DD4E41ACEBEB}.Release|Any CPU.Build.0 = Release|Any CPU
		{66509945-6517-4D91-AACB-DD4E41ACEBEB}.Release|x64.ActiveCfg = Release|Any CPU
		{66509945-6517-4D91-AACB-DD4E41ACEBEB}.Release|x64.Build.0 = Release|Any CPU
		{66509945-6517-4D91-AACB-DD4E41ACEBEB}.Release|x86.ActiveCfg = Release|Any CPU
		{66509945-6517-4D91-AACB-DD4E41ACEBEB}.Release|x86.Build.0 = Release|Any CPU
		{868E5786-0B5F-4B4B-AE59-F1958B90FCA8}.Debug|Any CPU.ActiveCfg = Debug|Any CPU
		{868E5786-0B5F-4B4B-AE59-F1958B90FCA8}.Debug|Any CPU.Build.0 = Debug|Any CPU
		{868E5786-0B5F-4B4B-AE59-F1958B90FCA8}.Debug|x64.ActiveCfg = Debug|Any CPU
		{868E5786-0B5F-4B4B-AE59-F1958B90FCA8}.Debug|x64.Build.0 = Debug|Any CPU
		{868E5786-0B5F-4B4B-AE59-F1958B90FCA8}.Debug|x86.ActiveCfg = Debug|Any CPU
		{868E5786-0B5F-4B4B-AE59-F1958B90FCA8}.Debug|x86.Build.0 = Debug|Any CPU
		{868E5786-0B5F-4B4B-AE59-F1958B90FCA8}.Release|Any CPU.ActiveCfg = Release|Any CPU
		{868E5786-0B5F-4B4B-AE59-F1958B90FCA8}.Release|Any CPU.Build.0 = Release|Any CPU
		{868E5786-0B5F-4B4B-AE59-F1958B90FCA8}.Release|x64.ActiveCfg = Release|Any CPU
		{868E5786-0B5F-4B4B-AE59-F1958B90FCA8}.Release|x64.Build.0 = Release|Any CPU
		{868E5786-0B5F-4B4B-AE59-F1958B90FCA8}.Release|x86.ActiveCfg = Release|Any CPU
		{868E5786-0B5F-4B4B-AE59-F1958B90FCA8}.Release|x86.Build.0 = Release|Any CPU
		{1DFCB087-2809-496C-B7B0-2DB20810126E}.Debug|Any CPU.ActiveCfg = Debug|Any CPU
		{1DFCB087-2809-496C-B7B0-2DB20810126E}.Debug|Any CPU.Build.0 = Debug|Any CPU
		{1DFCB087-2809-496C-B7B0-2DB20810126E}.Debug|x64.ActiveCfg = Debug|Any CPU
		{1DFCB087-2809-496C-B7B0-2DB20810126E}.Debug|x64.Build.0 = Debug|Any CPU
		{1DFCB087-2809-496C-B7B0-2DB20810126E}.Debug|x86.ActiveCfg = Debug|Any CPU
		{1DFCB087-2809-496C-B7B0-2DB20810126E}.Debug|x86.Build.0 = Debug|Any CPU
		{1DFCB087-2809-496C-B7B0-2DB20810126E}.Release|Any CPU.ActiveCfg = Release|Any CPU
		{1DFCB087-2809-496C-B7B0-2DB20810126E}.Release|Any CPU.Build.0 = Release|Any CPU
		{1DFCB087-2809-496C-B7B0-2DB20810126E}.Release|x64.ActiveCfg = Release|Any CPU
		{1DFCB087-2809-496C-B7B0-2DB20810126E}.Release|x64.Build.0 = Release|Any CPU
		{1DFCB087-2809-496C-B7B0-2DB20810126E}.Release|x86.ActiveCfg = Release|Any CPU
		{1DFCB087-2809-496C-B7B0-2DB20810126E}.Release|x86.Build.0 = Release|Any CPU
		{5FCE84FF-4F2D-4162-AF99-FE97DB1F294B}.Debug|Any CPU.ActiveCfg = Debug|Any CPU
		{5FCE84FF-4F2D-4162-AF99-FE97DB1F294B}.Debug|Any CPU.Build.0 = Debug|Any CPU
		{5FCE84FF-4F2D-4162-AF99-FE97DB1F294B}.Debug|x64.ActiveCfg = Debug|Any CPU
		{5FCE84FF-4F2D-4162-AF99-FE97DB1F294B}.Debug|x64.Build.0 = Debug|Any CPU
		{5FCE84FF-4F2D-4162-AF99-FE97DB1F294B}.Debug|x86.ActiveCfg = Debug|Any CPU
		{5FCE84FF-4F2D-4162-AF99-FE97DB1F294B}.Debug|x86.Build.0 = Debug|Any CPU
		{5FCE84FF-4F2D-4162-AF99-FE97DB1F294B}.Release|Any CPU.ActiveCfg = Release|Any CPU
		{5FCE84FF-4F2D-4162-AF99-FE97DB1F294B}.Release|Any CPU.Build.0 = Release|Any CPU
		{5FCE84FF-4F2D-4162-AF99-FE97DB1F294B}.Release|x64.ActiveCfg = Release|Any CPU
		{5FCE84FF-4F2D-4162-AF99-FE97DB1F294B}.Release|x64.Build.0 = Release|Any CPU
		{5FCE84FF-4F2D-4162-AF99-FE97DB1F294B}.Release|x86.ActiveCfg = Release|Any CPU
		{5FCE84FF-4F2D-4162-AF99-FE97DB1F294B}.Release|x86.Build.0 = Release|Any CPU
		{8C597F9C-AB55-4F45-9DB5-0598D0089F44}.Debug|Any CPU.ActiveCfg = Debug|Win32
		{8C597F9C-AB55-4F45-9DB5-0598D0089F44}.Debug|Any CPU.Build.0 = Debug|Win32
		{8C597F9C-AB55-4F45-9DB5-0598D0089F44}.Debug|x64.ActiveCfg = Debug|x64
		{8C597F9C-AB55-4F45-9DB5-0598D0089F44}.Debug|x64.Build.0 = Debug|x64
		{8C597F9C-AB55-4F45-9DB5-0598D0089F44}.Debug|x86.ActiveCfg = Debug|Win32
		{8C597F9C-AB55-4F45-9DB5-0598D0089F44}.Debug|x86.Build.0 = Debug|Win32
		{8C597F9C-AB55-4F45-9DB5-0598D0089F44}.Release|Any CPU.ActiveCfg = Release|Win32
		{8C597F9C-AB55-4F45-9DB5-0598D0089F44}.Release|Any CPU.Build.0 = Release|Win32
		{8C597F9C-AB55-4F45-9DB5-0598D0089F44}.Release|x64.ActiveCfg = Release|x64
		{8C597F9C-AB55-4F45-9DB5-0598D0089F44}.Release|x64.Build.0 = Release|x64
		{8C597F9C-AB55-4F45-9DB5-0598D0089F44}.Release|x86.ActiveCfg = Release|Win32
		{8C597F9C-AB55-4F45-9DB5-0598D0089F44}.Release|x86.Build.0 = Release|Win32
		{8AF0A609-00BF-496D-8418-00F76384FD4C}.Debug|Any CPU.ActiveCfg = Debug|Win32
		{8AF0A609-00BF-496D-8418-00F76384FD4C}.Debug|Any CPU.Build.0 = Debug|Win32
		{8AF0A609-00BF-496D-8418-00F76384FD4C}.Debug|x64.ActiveCfg = Debug|x64
		{8AF0A609-00BF-496D-8418-00F76384FD4C}.Debug|x64.Build.0 = Debug|x64
		{8AF0A609-00BF-496D-8418-00F76384FD4C}.Debug|x86.ActiveCfg = Debug|Win32
		{8AF0A609-00BF-496D-8418-00F76384FD4C}.Debug|x86.Build.0 = Debug|Win32
		{8AF0A609-00BF-496D-8418-00F76384FD4C}.Release|Any CPU.ActiveCfg = Release|Win32
		{8AF0A609-00BF-496D-8418-00F76384FD4C}.Release|Any CPU.Build.0 = Release|Win32
		{8AF0A609-00BF-496D-8418-00F76384FD4C}.Release|x64.ActiveCfg = Release|x64
		{8AF0A609-00BF-496D-8418-00F76384FD4C}.Release|x64.Build.0 = Release|x64
		{8AF0A609-00BF-496D-8418-00F76384FD4C}.Release|x86.ActiveCfg = Release|Win32
		{8AF0A609-00BF-496D-8418-00F76384FD4C}.Release|x86.Build.0 = Release|Win32
		{72A5844E-21A6-474D-AAEA-106EB72A9115}.Debug|Any CPU.ActiveCfg = Debug|Any CPU
		{72A5844E-21A6-474D-AAEA-106EB72A9115}.Debug|Any CPU.Build.0 = Debug|Any CPU
		{72A5844E-21A6-474D-AAEA-106EB72A9115}.Debug|x64.ActiveCfg = Debug|Any CPU
		{72A5844E-21A6-474D-AAEA-106EB72A9115}.Debug|x64.Build.0 = Debug|Any CPU
		{72A5844E-21A6-474D-AAEA-106EB72A9115}.Debug|x86.ActiveCfg = Debug|Any CPU
		{72A5844E-21A6-474D-AAEA-106EB72A9115}.Debug|x86.Build.0 = Debug|Any CPU
		{72A5844E-21A6-474D-AAEA-106EB72A9115}.Release|Any CPU.ActiveCfg = Release|Any CPU
		{72A5844E-21A6-474D-AAEA-106EB72A9115}.Release|Any CPU.Build.0 = Release|Any CPU
		{72A5844E-21A6-474D-AAEA-106EB72A9115}.Release|x64.ActiveCfg = Release|Any CPU
		{72A5844E-21A6-474D-AAEA-106EB72A9115}.Release|x64.Build.0 = Release|Any CPU
		{72A5844E-21A6-474D-AAEA-106EB72A9115}.Release|x86.ActiveCfg = Release|Any CPU
		{72A5844E-21A6-474D-AAEA-106EB72A9115}.Release|x86.Build.0 = Release|Any CPU
		{3A34665E-753B-4086-BECD-51EB02E3C25B}.Debug|Any CPU.ActiveCfg = Debug|Any CPU
		{3A34665E-753B-4086-BECD-51EB02E3C25B}.Debug|Any CPU.Build.0 = Debug|Any CPU
		{3A34665E-753B-4086-BECD-51EB02E3C25B}.Debug|x64.ActiveCfg = Debug|Any CPU
		{3A34665E-753B-4086-BECD-51EB02E3C25B}.Debug|x64.Build.0 = Debug|Any CPU
		{3A34665E-753B-4086-BECD-51EB02E3C25B}.Debug|x86.ActiveCfg = Debug|Any CPU
		{3A34665E-753B-4086-BECD-51EB02E3C25B}.Debug|x86.Build.0 = Debug|Any CPU
		{3A34665E-753B-4086-BECD-51EB02E3C25B}.Release|Any CPU.ActiveCfg = Release|Any CPU
		{3A34665E-753B-4086-BECD-51EB02E3C25B}.Release|Any CPU.Build.0 = Release|Any CPU
		{3A34665E-753B-4086-BECD-51EB02E3C25B}.Release|x64.ActiveCfg = Release|Any CPU
		{3A34665E-753B-4086-BECD-51EB02E3C25B}.Release|x64.Build.0 = Release|Any CPU
		{3A34665E-753B-4086-BECD-51EB02E3C25B}.Release|x86.ActiveCfg = Release|Any CPU
		{3A34665E-753B-4086-BECD-51EB02E3C25B}.Release|x86.Build.0 = Release|Any CPU
		{9533575D-978F-4E4A-ACB6-B5966B53B9AD}.Debug|Any CPU.ActiveCfg = Debug|Any CPU
		{9533575D-978F-4E4A-ACB6-B5966B53B9AD}.Debug|Any CPU.Build.0 = Debug|Any CPU
		{9533575D-978F-4E4A-ACB6-B5966B53B9AD}.Debug|x64.ActiveCfg = Debug|Any CPU
		{9533575D-978F-4E4A-ACB6-B5966B53B9AD}.Debug|x64.Build.0 = Debug|Any CPU
		{9533575D-978F-4E4A-ACB6-B5966B53B9AD}.Debug|x86.ActiveCfg = Debug|Any CPU
		{9533575D-978F-4E4A-ACB6-B5966B53B9AD}.Debug|x86.Build.0 = Debug|Any CPU
		{9533575D-978F-4E4A-ACB6-B5966B53B9AD}.Release|Any CPU.ActiveCfg = Release|Any CPU
		{9533575D-978F-4E4A-ACB6-B5966B53B9AD}.Release|Any CPU.Build.0 = Release|Any CPU
		{9533575D-978F-4E4A-ACB6-B5966B53B9AD}.Release|x64.ActiveCfg = Release|Any CPU
		{9533575D-978F-4E4A-ACB6-B5966B53B9AD}.Release|x64.Build.0 = Release|Any CPU
		{9533575D-978F-4E4A-ACB6-B5966B53B9AD}.Release|x86.ActiveCfg = Release|Any CPU
		{9533575D-978F-4E4A-ACB6-B5966B53B9AD}.Release|x86.Build.0 = Release|Any CPU
		{E2B0838D-5347-4CC0-AF37-15DFE6E0FB96}.Debug|Any CPU.ActiveCfg = Debug|Any CPU
		{E2B0838D-5347-4CC0-AF37-15DFE6E0FB96}.Debug|Any CPU.Build.0 = Debug|Any CPU
		{E2B0838D-5347-4CC0-AF37-15DFE6E0FB96}.Debug|x64.ActiveCfg = Debug|Any CPU
		{E2B0838D-5347-4CC0-AF37-15DFE6E0FB96}.Debug|x64.Build.0 = Debug|Any CPU
		{E2B0838D-5347-4CC0-AF37-15DFE6E0FB96}.Debug|x86.ActiveCfg = Debug|Any CPU
		{E2B0838D-5347-4CC0-AF37-15DFE6E0FB96}.Debug|x86.Build.0 = Debug|Any CPU
		{E2B0838D-5347-4CC0-AF37-15DFE6E0FB96}.Release|Any CPU.ActiveCfg = Release|Any CPU
		{E2B0838D-5347-4CC0-AF37-15DFE6E0FB96}.Release|Any CPU.Build.0 = Release|Any CPU
		{E2B0838D-5347-4CC0-AF37-15DFE6E0FB96}.Release|x64.ActiveCfg = Release|Any CPU
		{E2B0838D-5347-4CC0-AF37-15DFE6E0FB96}.Release|x64.Build.0 = Release|Any CPU
		{E2B0838D-5347-4CC0-AF37-15DFE6E0FB96}.Release|x86.ActiveCfg = Release|Any CPU
		{E2B0838D-5347-4CC0-AF37-15DFE6E0FB96}.Release|x86.Build.0 = Release|Any CPU
		{1C096C6F-3402-41EB-93B7-34425C5257AF}.Debug|Any CPU.ActiveCfg = Debug|Any CPU
		{1C096C6F-3402-41EB-93B7-34425C5257AF}.Debug|Any CPU.Build.0 = Debug|Any CPU
		{1C096C6F-3402-41EB-93B7-34425C5257AF}.Debug|x64.ActiveCfg = Debug|Any CPU
		{1C096C6F-3402-41EB-93B7-34425C5257AF}.Debug|x64.Build.0 = Debug|Any CPU
		{1C096C6F-3402-41EB-93B7-34425C5257AF}.Debug|x86.ActiveCfg = Debug|Any CPU
		{1C096C6F-3402-41EB-93B7-34425C5257AF}.Debug|x86.Build.0 = Debug|Any CPU
		{1C096C6F-3402-41EB-93B7-34425C5257AF}.Release|Any CPU.ActiveCfg = Release|Any CPU
		{1C096C6F-3402-41EB-93B7-34425C5257AF}.Release|Any CPU.Build.0 = Release|Any CPU
		{1C096C6F-3402-41EB-93B7-34425C5257AF}.Release|x64.ActiveCfg = Release|Any CPU
		{1C096C6F-3402-41EB-93B7-34425C5257AF}.Release|x64.Build.0 = Release|Any CPU
		{1C096C6F-3402-41EB-93B7-34425C5257AF}.Release|x86.ActiveCfg = Release|Any CPU
		{1C096C6F-3402-41EB-93B7-34425C5257AF}.Release|x86.Build.0 = Release|Any CPU
		{310D922F-D274-4A5B-B80F-27B9CEBD0572}.Debug|Any CPU.ActiveCfg = Debug|Any CPU
		{310D922F-D274-4A5B-B80F-27B9CEBD0572}.Debug|Any CPU.Build.0 = Debug|Any CPU
		{310D922F-D274-4A5B-B80F-27B9CEBD0572}.Debug|x64.ActiveCfg = Debug|Any CPU
		{310D922F-D274-4A5B-B80F-27B9CEBD0572}.Debug|x64.Build.0 = Debug|Any CPU
		{310D922F-D274-4A5B-B80F-27B9CEBD0572}.Debug|x86.ActiveCfg = Debug|Any CPU
		{310D922F-D274-4A5B-B80F-27B9CEBD0572}.Debug|x86.Build.0 = Debug|Any CPU
		{310D922F-D274-4A5B-B80F-27B9CEBD0572}.Release|Any CPU.ActiveCfg = Release|Any CPU
		{310D922F-D274-4A5B-B80F-27B9CEBD0572}.Release|Any CPU.Build.0 = Release|Any CPU
		{310D922F-D274-4A5B-B80F-27B9CEBD0572}.Release|x64.ActiveCfg = Release|Any CPU
		{310D922F-D274-4A5B-B80F-27B9CEBD0572}.Release|x64.Build.0 = Release|Any CPU
		{310D922F-D274-4A5B-B80F-27B9CEBD0572}.Release|x86.ActiveCfg = Release|Any CPU
		{310D922F-D274-4A5B-B80F-27B9CEBD0572}.Release|x86.Build.0 = Release|Any CPU
		{48E772C7-8E52-4282-AC2B-58300DE5A6CF}.Debug|Any CPU.ActiveCfg = Debug|Any CPU
		{48E772C7-8E52-4282-AC2B-58300DE5A6CF}.Debug|Any CPU.Build.0 = Debug|Any CPU
		{48E772C7-8E52-4282-AC2B-58300DE5A6CF}.Debug|x64.ActiveCfg = Debug|Any CPU
		{48E772C7-8E52-4282-AC2B-58300DE5A6CF}.Debug|x64.Build.0 = Debug|Any CPU
		{48E772C7-8E52-4282-AC2B-58300DE5A6CF}.Debug|x86.ActiveCfg = Debug|Any CPU
		{48E772C7-8E52-4282-AC2B-58300DE5A6CF}.Debug|x86.Build.0 = Debug|Any CPU
		{48E772C7-8E52-4282-AC2B-58300DE5A6CF}.Release|Any CPU.ActiveCfg = Release|Any CPU
		{48E772C7-8E52-4282-AC2B-58300DE5A6CF}.Release|Any CPU.Build.0 = Release|Any CPU
		{48E772C7-8E52-4282-AC2B-58300DE5A6CF}.Release|x64.ActiveCfg = Release|Any CPU
		{48E772C7-8E52-4282-AC2B-58300DE5A6CF}.Release|x64.Build.0 = Release|Any CPU
		{48E772C7-8E52-4282-AC2B-58300DE5A6CF}.Release|x86.ActiveCfg = Release|Any CPU
		{48E772C7-8E52-4282-AC2B-58300DE5A6CF}.Release|x86.Build.0 = Release|Any CPU
		{67726E4B-CC08-48E9-B39F-915C1C80F1BE}.Debug|Any CPU.ActiveCfg = Debug|Any CPU
		{67726E4B-CC08-48E9-B39F-915C1C80F1BE}.Debug|Any CPU.Build.0 = Debug|Any CPU
		{67726E4B-CC08-48E9-B39F-915C1C80F1BE}.Debug|x64.ActiveCfg = Debug|Any CPU
		{67726E4B-CC08-48E9-B39F-915C1C80F1BE}.Debug|x64.Build.0 = Debug|Any CPU
		{67726E4B-CC08-48E9-B39F-915C1C80F1BE}.Debug|x86.ActiveCfg = Debug|Any CPU
		{67726E4B-CC08-48E9-B39F-915C1C80F1BE}.Debug|x86.Build.0 = Debug|Any CPU
		{67726E4B-CC08-48E9-B39F-915C1C80F1BE}.Release|Any CPU.ActiveCfg = Release|Any CPU
		{67726E4B-CC08-48E9-B39F-915C1C80F1BE}.Release|Any CPU.Build.0 = Release|Any CPU
		{67726E4B-CC08-48E9-B39F-915C1C80F1BE}.Release|x64.ActiveCfg = Release|Any CPU
		{67726E4B-CC08-48E9-B39F-915C1C80F1BE}.Release|x64.Build.0 = Release|Any CPU
		{67726E4B-CC08-48E9-B39F-915C1C80F1BE}.Release|x86.ActiveCfg = Release|Any CPU
		{67726E4B-CC08-48E9-B39F-915C1C80F1BE}.Release|x86.Build.0 = Release|Any CPU
		{24FE305A-92A1-4E38-B21F-6F50F6D17B7C}.Debug|Any CPU.ActiveCfg = Debug|Any CPU
		{24FE305A-92A1-4E38-B21F-6F50F6D17B7C}.Debug|Any CPU.Build.0 = Debug|Any CPU
		{24FE305A-92A1-4E38-B21F-6F50F6D17B7C}.Debug|x64.ActiveCfg = Debug|Any CPU
		{24FE305A-92A1-4E38-B21F-6F50F6D17B7C}.Debug|x64.Build.0 = Debug|Any CPU
		{24FE305A-92A1-4E38-B21F-6F50F6D17B7C}.Debug|x86.ActiveCfg = Debug|Any CPU
		{24FE305A-92A1-4E38-B21F-6F50F6D17B7C}.Debug|x86.Build.0 = Debug|Any CPU
		{24FE305A-92A1-4E38-B21F-6F50F6D17B7C}.Release|Any CPU.ActiveCfg = Release|Any CPU
		{24FE305A-92A1-4E38-B21F-6F50F6D17B7C}.Release|Any CPU.Build.0 = Release|Any CPU
		{24FE305A-92A1-4E38-B21F-6F50F6D17B7C}.Release|x64.ActiveCfg = Release|Any CPU
		{24FE305A-92A1-4E38-B21F-6F50F6D17B7C}.Release|x64.Build.0 = Release|Any CPU
		{24FE305A-92A1-4E38-B21F-6F50F6D17B7C}.Release|x86.ActiveCfg = Release|Any CPU
		{24FE305A-92A1-4E38-B21F-6F50F6D17B7C}.Release|x86.Build.0 = Release|Any CPU
		{0D46B0C7-5D0F-4847-BECB-7E2EB549D3CD}.Debug|Any CPU.ActiveCfg = Debug|Any CPU
		{0D46B0C7-5D0F-4847-BECB-7E2EB549D3CD}.Debug|Any CPU.Build.0 = Debug|Any CPU
		{0D46B0C7-5D0F-4847-BECB-7E2EB549D3CD}.Debug|x64.ActiveCfg = Debug|Any CPU
		{0D46B0C7-5D0F-4847-BECB-7E2EB549D3CD}.Debug|x64.Build.0 = Debug|Any CPU
		{0D46B0C7-5D0F-4847-BECB-7E2EB549D3CD}.Debug|x86.ActiveCfg = Debug|Any CPU
		{0D46B0C7-5D0F-4847-BECB-7E2EB549D3CD}.Debug|x86.Build.0 = Debug|Any CPU
		{0D46B0C7-5D0F-4847-BECB-7E2EB549D3CD}.Release|Any CPU.ActiveCfg = Release|Any CPU
		{0D46B0C7-5D0F-4847-BECB-7E2EB549D3CD}.Release|Any CPU.Build.0 = Release|Any CPU
		{0D46B0C7-5D0F-4847-BECB-7E2EB549D3CD}.Release|x64.ActiveCfg = Release|Any CPU
		{0D46B0C7-5D0F-4847-BECB-7E2EB549D3CD}.Release|x64.Build.0 = Release|Any CPU
		{0D46B0C7-5D0F-4847-BECB-7E2EB549D3CD}.Release|x86.ActiveCfg = Release|Any CPU
		{0D46B0C7-5D0F-4847-BECB-7E2EB549D3CD}.Release|x86.Build.0 = Release|Any CPU
		{D35E31BA-C8FF-4A4C-AADD-0196AF9D463A}.Debug|Any CPU.ActiveCfg = Debug|Any CPU
		{D35E31BA-C8FF-4A4C-AADD-0196AF9D463A}.Debug|Any CPU.Build.0 = Debug|Any CPU
		{D35E31BA-C8FF-4A4C-AADD-0196AF9D463A}.Debug|x64.ActiveCfg = Debug|Any CPU
		{D35E31BA-C8FF-4A4C-AADD-0196AF9D463A}.Debug|x64.Build.0 = Debug|Any CPU
		{D35E31BA-C8FF-4A4C-AADD-0196AF9D463A}.Debug|x86.ActiveCfg = Debug|Any CPU
		{D35E31BA-C8FF-4A4C-AADD-0196AF9D463A}.Debug|x86.Build.0 = Debug|Any CPU
		{D35E31BA-C8FF-4A4C-AADD-0196AF9D463A}.Release|Any CPU.ActiveCfg = Release|Any CPU
		{D35E31BA-C8FF-4A4C-AADD-0196AF9D463A}.Release|Any CPU.Build.0 = Release|Any CPU
		{D35E31BA-C8FF-4A4C-AADD-0196AF9D463A}.Release|x64.ActiveCfg = Release|Any CPU
		{D35E31BA-C8FF-4A4C-AADD-0196AF9D463A}.Release|x64.Build.0 = Release|Any CPU
		{D35E31BA-C8FF-4A4C-AADD-0196AF9D463A}.Release|x86.ActiveCfg = Release|Any CPU
		{D35E31BA-C8FF-4A4C-AADD-0196AF9D463A}.Release|x86.Build.0 = Release|Any CPU
		{488D9E4F-F0E3-4BC0-9E22-F9945554B79F}.Debug|Any CPU.ActiveCfg = Debug|Any CPU
		{488D9E4F-F0E3-4BC0-9E22-F9945554B79F}.Debug|Any CPU.Build.0 = Debug|Any CPU
		{488D9E4F-F0E3-4BC0-9E22-F9945554B79F}.Debug|x64.ActiveCfg = Debug|Any CPU
		{488D9E4F-F0E3-4BC0-9E22-F9945554B79F}.Debug|x64.Build.0 = Debug|Any CPU
		{488D9E4F-F0E3-4BC0-9E22-F9945554B79F}.Debug|x86.ActiveCfg = Debug|Any CPU
		{488D9E4F-F0E3-4BC0-9E22-F9945554B79F}.Debug|x86.Build.0 = Debug|Any CPU
		{488D9E4F-F0E3-4BC0-9E22-F9945554B79F}.Release|Any CPU.ActiveCfg = Release|Any CPU
		{488D9E4F-F0E3-4BC0-9E22-F9945554B79F}.Release|Any CPU.Build.0 = Release|Any CPU
		{488D9E4F-F0E3-4BC0-9E22-F9945554B79F}.Release|x64.ActiveCfg = Release|Any CPU
		{488D9E4F-F0E3-4BC0-9E22-F9945554B79F}.Release|x64.Build.0 = Release|Any CPU
		{488D9E4F-F0E3-4BC0-9E22-F9945554B79F}.Release|x86.ActiveCfg = Release|Any CPU
		{488D9E4F-F0E3-4BC0-9E22-F9945554B79F}.Release|x86.Build.0 = Release|Any CPU
		{6AFC100C-B5CB-479F-8379-F8318D76E919}.Debug|Any CPU.ActiveCfg = Debug|Any CPU
		{6AFC100C-B5CB-479F-8379-F8318D76E919}.Debug|Any CPU.Build.0 = Debug|Any CPU
		{6AFC100C-B5CB-479F-8379-F8318D76E919}.Debug|x64.ActiveCfg = Debug|Any CPU
		{6AFC100C-B5CB-479F-8379-F8318D76E919}.Debug|x64.Build.0 = Debug|Any CPU
		{6AFC100C-B5CB-479F-8379-F8318D76E919}.Debug|x86.ActiveCfg = Debug|Any CPU
		{6AFC100C-B5CB-479F-8379-F8318D76E919}.Debug|x86.Build.0 = Debug|Any CPU
		{6AFC100C-B5CB-479F-8379-F8318D76E919}.Release|Any CPU.ActiveCfg = Release|Any CPU
		{6AFC100C-B5CB-479F-8379-F8318D76E919}.Release|Any CPU.Build.0 = Release|Any CPU
		{6AFC100C-B5CB-479F-8379-F8318D76E919}.Release|x64.ActiveCfg = Release|Any CPU
		{6AFC100C-B5CB-479F-8379-F8318D76E919}.Release|x64.Build.0 = Release|Any CPU
		{6AFC100C-B5CB-479F-8379-F8318D76E919}.Release|x86.ActiveCfg = Release|Any CPU
		{6AFC100C-B5CB-479F-8379-F8318D76E919}.Release|x86.Build.0 = Release|Any CPU
		{F9F6D20B-F257-4D35-A960-C2902A786403}.Debug|Any CPU.ActiveCfg = Debug|Any CPU
		{F9F6D20B-F257-4D35-A960-C2902A786403}.Debug|Any CPU.Build.0 = Debug|Any CPU
		{F9F6D20B-F257-4D35-A960-C2902A786403}.Debug|x64.ActiveCfg = Debug|Any CPU
		{F9F6D20B-F257-4D35-A960-C2902A786403}.Debug|x64.Build.0 = Debug|Any CPU
		{F9F6D20B-F257-4D35-A960-C2902A786403}.Debug|x86.ActiveCfg = Debug|Any CPU
		{F9F6D20B-F257-4D35-A960-C2902A786403}.Debug|x86.Build.0 = Debug|Any CPU
		{F9F6D20B-F257-4D35-A960-C2902A786403}.Release|Any CPU.ActiveCfg = Release|Any CPU
		{F9F6D20B-F257-4D35-A960-C2902A786403}.Release|Any CPU.Build.0 = Release|Any CPU
		{F9F6D20B-F257-4D35-A960-C2902A786403}.Release|x64.ActiveCfg = Release|Any CPU
		{F9F6D20B-F257-4D35-A960-C2902A786403}.Release|x64.Build.0 = Release|Any CPU
		{F9F6D20B-F257-4D35-A960-C2902A786403}.Release|x86.ActiveCfg = Release|Any CPU
		{F9F6D20B-F257-4D35-A960-C2902A786403}.Release|x86.Build.0 = Release|Any CPU
		{483205D6-34B5-46CD-89A5-E955F49FD9BB}.Debug|Any CPU.ActiveCfg = Debug|Any CPU
		{483205D6-34B5-46CD-89A5-E955F49FD9BB}.Debug|Any CPU.Build.0 = Debug|Any CPU
		{483205D6-34B5-46CD-89A5-E955F49FD9BB}.Debug|x64.ActiveCfg = Debug|Any CPU
		{483205D6-34B5-46CD-89A5-E955F49FD9BB}.Debug|x64.Build.0 = Debug|Any CPU
		{483205D6-34B5-46CD-89A5-E955F49FD9BB}.Debug|x86.ActiveCfg = Debug|Any CPU
		{483205D6-34B5-46CD-89A5-E955F49FD9BB}.Debug|x86.Build.0 = Debug|Any CPU
		{483205D6-34B5-46CD-89A5-E955F49FD9BB}.Release|Any CPU.ActiveCfg = Release|Any CPU
		{483205D6-34B5-46CD-89A5-E955F49FD9BB}.Release|Any CPU.Build.0 = Release|Any CPU
		{483205D6-34B5-46CD-89A5-E955F49FD9BB}.Release|x64.ActiveCfg = Release|Any CPU
		{483205D6-34B5-46CD-89A5-E955F49FD9BB}.Release|x64.Build.0 = Release|Any CPU
		{483205D6-34B5-46CD-89A5-E955F49FD9BB}.Release|x86.ActiveCfg = Release|Any CPU
		{483205D6-34B5-46CD-89A5-E955F49FD9BB}.Release|x86.Build.0 = Release|Any CPU
	EndGlobalSection
	GlobalSection(SolutionProperties) = preSolution
		HideSolutionNode = FALSE
	EndGlobalSection
	GlobalSection(ExtensibilityGlobals) = postSolution
		SolutionGuid = {4D00E05E-DE88-465E-B8E4-13397FFC1BDA}
	EndGlobalSection
	GlobalSection(NestedProjects) = preSolution
		{66509945-6517-4D91-AACB-DD4E41ACEBEB} = {BB76EAEF-8C77-49CE-81E9-D80639F3ACAE}
		{868E5786-0B5F-4B4B-AE59-F1958B90FCA8} = {BB76EAEF-8C77-49CE-81E9-D80639F3ACAE}
		{1DFCB087-2809-496C-B7B0-2DB20810126E} = {BB76EAEF-8C77-49CE-81E9-D80639F3ACAE}
		{5FCE84FF-4F2D-4162-AF99-FE97DB1F294B} = {BB76EAEF-8C77-49CE-81E9-D80639F3ACAE}
		{8C597F9C-AB55-4F45-9DB5-0598D0089F44} = {BB76EAEF-8C77-49CE-81E9-D80639F3ACAE}
	EndGlobalSection
EndGlobal
