
Microsoft Visual Studio Solution File, Format Version 12.00
# Visual Studio Version 17
VisualStudioVersion = 17.9.34728.123
MinimumVisualStudioVersion = 10.0.40219.1
Project("{8BC9CEB8-8B4A-11D0-8D11-00A0C91BC942}") = "Chapter1", "Learning1\Learning1.vcxproj", "{E68199B5-CDA5-415E-A7A6-DAE6F5373344}"
EndProject
Project("{8BC9CEB8-8B4A-11D0-8D11-00A0C91BC942}") = "ConsoleApplication1", "ConsoleApplication1\ConsoleApplication1.vcxproj", "{7A9C612E-67E8-4570-BC4E-44A5C4467C09}"
EndProject
Project("{8BC9CEB8-8B4A-11D0-8D11-00A0C91BC942}") = "Chapter2", "Chapter2\Chapter2.vcxproj", "{F2EAF53A-28B8-4357-ADA1-2B99B4C9E85C}"
EndProject
Project("{9A19103F-16F7-4668-BE54-9A1E7A4F7556}") = "好玩的", "好玩的\好玩的.csproj", "{0D426E39-D6AA-4574-85E9-24A58DFB9700}"
EndProject
Project("{8BC9CEB8-8B4A-11D0-8D11-00A0C91BC942}") = "指针", "指针\指针.vcxproj", "{DC6F69E6-A142-4B15-8232-BE9767376BA8}"
EndProject
Project("{8BC9CEB8-8B4A-11D0-8D11-00A0C91BC942}") = "命令驱动", "命令驱动\命令驱动.vcxproj", "{7BCDA264-3063-4649-AE08-6220357407BD}"
EndProject
Project("{8BC9CEB8-8B4A-11D0-8D11-00A0C91BC942}") = "命令驱动-进阶", "命令驱动-进阶\命令驱动-进阶.vcxproj", "{2F2805D7-CC6F-4ADF-BDE7-4ADC97D50286}"
EndProject
Global
	GlobalSection(SolutionConfigurationPlatforms) = preSolution
		Debug|Any CPU = Debug|Any CPU
		Debug|x64 = Debug|x64
		Debug|x86 = Debug|x86
		Release|Any CPU = Release|Any CPU
		Release|x64 = Release|x64
		Release|x86 = Release|x86
	EndGlobalSection
	GlobalSection(ProjectConfigurationPlatforms) = postSolution
		{E68199B5-CDA5-415E-A7A6-DAE6F5373344}.Debug|Any CPU.ActiveCfg = Debug|x64
		{E68199B5-CDA5-415E-A7A6-DAE6F5373344}.Debug|Any CPU.Build.0 = Debug|x64
		{E68199B5-CDA5-415E-A7A6-DAE6F5373344}.Debug|x64.ActiveCfg = Debug|x64
		{E68199B5-CDA5-415E-A7A6-DAE6F5373344}.Debug|x64.Build.0 = Debug|x64
		{E68199B5-CDA5-415E-A7A6-DAE6F5373344}.Debug|x86.ActiveCfg = Debug|Win32
		{E68199B5-CDA5-415E-A7A6-DAE6F5373344}.Debug|x86.Build.0 = Debug|Win32
		{E68199B5-CDA5-415E-A7A6-DAE6F5373344}.Release|Any CPU.ActiveCfg = Release|x64
		{E68199B5-CDA5-415E-A7A6-DAE6F5373344}.Release|Any CPU.Build.0 = Release|x64
		{E68199B5-CDA5-415E-A7A6-DAE6F5373344}.Release|x64.ActiveCfg = Release|x64
		{E68199B5-CDA5-415E-A7A6-DAE6F5373344}.Release|x64.Build.0 = Release|x64
		{E68199B5-CDA5-415E-A7A6-DAE6F5373344}.Release|x86.ActiveCfg = Release|Win32
		{E68199B5-CDA5-415E-A7A6-DAE6F5373344}.Release|x86.Build.0 = Release|Win32
		{7A9C612E-67E8-4570-BC4E-44A5C4467C09}.Debug|Any CPU.ActiveCfg = Debug|x64
		{7A9C612E-67E8-4570-BC4E-44A5C4467C09}.Debug|Any CPU.Build.0 = Debug|x64
		{7A9C612E-67E8-4570-BC4E-44A5C4467C09}.Debug|x64.ActiveCfg = Debug|x64
		{7A9C612E-67E8-4570-BC4E-44A5C4467C09}.Debug|x64.Build.0 = Debug|x64
		{7A9C612E-67E8-4570-BC4E-44A5C4467C09}.Debug|x86.ActiveCfg = Debug|Win32
		{7A9C612E-67E8-4570-BC4E-44A5C4467C09}.Debug|x86.Build.0 = Debug|Win32
		{7A9C612E-67E8-4570-BC4E-44A5C4467C09}.Release|Any CPU.ActiveCfg = Release|x64
		{7A9C612E-67E8-4570-BC4E-44A5C4467C09}.Release|Any CPU.Build.0 = Release|x64
		{7A9C612E-67E8-4570-BC4E-44A5C4467C09}.Release|x64.ActiveCfg = Release|x64
		{7A9C612E-67E8-4570-BC4E-44A5C4467C09}.Release|x64.Build.0 = Release|x64
		{7A9C612E-67E8-4570-BC4E-44A5C4467C09}.Release|x86.ActiveCfg = Release|Win32
		{7A9C612E-67E8-4570-BC4E-44A5C4467C09}.Release|x86.Build.0 = Release|Win32
		{F2EAF53A-28B8-4357-ADA1-2B99B4C9E85C}.Debug|Any CPU.ActiveCfg = Debug|x64
		{F2EAF53A-28B8-4357-ADA1-2B99B4C9E85C}.Debug|Any CPU.Build.0 = Debug|x64
		{F2EAF53A-28B8-4357-ADA1-2B99B4C9E85C}.Debug|x64.ActiveCfg = Debug|x64
		{F2EAF53A-28B8-4357-ADA1-2B99B4C9E85C}.Debug|x64.Build.0 = Debug|x64
		{F2EAF53A-28B8-4357-ADA1-2B99B4C9E85C}.Debug|x86.ActiveCfg = Debug|Win32
		{F2EAF53A-28B8-4357-ADA1-2B99B4C9E85C}.Debug|x86.Build.0 = Debug|Win32
		{F2EAF53A-28B8-4357-ADA1-2B99B4C9E85C}.Release|Any CPU.ActiveCfg = Release|x64
		{F2EAF53A-28B8-4357-ADA1-2B99B4C9E85C}.Release|Any CPU.Build.0 = Release|x64
		{F2EAF53A-28B8-4357-ADA1-2B99B4C9E85C}.Release|x64.ActiveCfg = Release|x64
		{F2EAF53A-28B8-4357-ADA1-2B99B4C9E85C}.Release|x64.Build.0 = Release|x64
		{F2EAF53A-28B8-4357-ADA1-2B99B4C9E85C}.Release|x86.ActiveCfg = Release|Win32
		{F2EAF53A-28B8-4357-ADA1-2B99B4C9E85C}.Release|x86.Build.0 = Release|Win32
		{0D426E39-D6AA-4574-85E9-24A58DFB9700}.Debug|Any CPU.ActiveCfg = Debug|Any CPU
		{0D426E39-D6AA-4574-85E9-24A58DFB9700}.Debug|Any CPU.Build.0 = Debug|Any CPU
		{0D426E39-D6AA-4574-85E9-24A58DFB9700}.Debug|x64.ActiveCfg = Debug|Any CPU
		{0D426E39-D6AA-4574-85E9-24A58DFB9700}.Debug|x64.Build.0 = Debug|Any CPU
		{0D426E39-D6AA-4574-85E9-24A58DFB9700}.Debug|x86.ActiveCfg = Debug|Any CPU
		{0D426E39-D6AA-4574-85E9-24A58DFB9700}.Debug|x86.Build.0 = Debug|Any CPU
		{0D426E39-D6AA-4574-85E9-24A58DFB9700}.Release|Any CPU.ActiveCfg = Release|Any CPU
		{0D426E39-D6AA-4574-85E9-24A58DFB9700}.Release|Any CPU.Build.0 = Release|Any CPU
		{0D426E39-D6AA-4574-85E9-24A58DFB9700}.Release|x64.ActiveCfg = Release|Any CPU
		{0D426E39-D6AA-4574-85E9-24A58DFB9700}.Release|x64.Build.0 = Release|Any CPU
		{0D426E39-D6AA-4574-85E9-24A58DFB9700}.Release|x86.ActiveCfg = Release|Any CPU
		{0D426E39-D6AA-4574-85E9-24A58DFB9700}.Release|x86.Build.0 = Release|Any CPU
		{DC6F69E6-A142-4B15-8232-BE9767376BA8}.Debug|Any CPU.ActiveCfg = Debug|x64
		{DC6F69E6-A142-4B15-8232-BE9767376BA8}.Debug|Any CPU.Build.0 = Debug|x64
		{DC6F69E6-A142-4B15-8232-BE9767376BA8}.Debug|x64.ActiveCfg = Debug|x64
		{DC6F69E6-A142-4B15-8232-BE9767376BA8}.Debug|x64.Build.0 = Debug|x64
		{DC6F69E6-A142-4B15-8232-BE9767376BA8}.Debug|x86.ActiveCfg = Debug|Win32
		{DC6F69E6-A142-4B15-8232-BE9767376BA8}.Debug|x86.Build.0 = Debug|Win32
		{DC6F69E6-A142-4B15-8232-BE9767376BA8}.Release|Any CPU.ActiveCfg = Release|x64
		{DC6F69E6-A142-4B15-8232-BE9767376BA8}.Release|Any CPU.Build.0 = Release|x64
		{DC6F69E6-A142-4B15-8232-BE9767376BA8}.Release|x64.ActiveCfg = Release|x64
		{DC6F69E6-A142-4B15-8232-BE9767376BA8}.Release|x64.Build.0 = Release|x64
		{DC6F69E6-A142-4B15-8232-BE9767376BA8}.Release|x86.ActiveCfg = Release|Win32
		{DC6F69E6-A142-4B15-8232-BE9767376BA8}.Release|x86.Build.0 = Release|Win32
		{7BCDA264-3063-4649-AE08-6220357407BD}.Debug|Any CPU.ActiveCfg = Debug|Win32
		{7BCDA264-3063-4649-AE08-6220357407BD}.Debug|Any CPU.Build.0 = Debug|Win32
		{7BCDA264-3063-4649-AE08-6220357407BD}.Debug|x64.ActiveCfg = Debug|x64
		{7BCDA264-3063-4649-AE08-6220357407BD}.Debug|x64.Build.0 = Debug|x64
		{7BCDA264-3063-4649-AE08-6220357407BD}.Debug|x86.ActiveCfg = Debug|Win32
		{7BCDA264-3063-4649-AE08-6220357407BD}.Debug|x86.Build.0 = Debug|Win32
		{7BCDA264-3063-4649-AE08-6220357407BD}.Release|Any CPU.ActiveCfg = Release|Win32
		{7BCDA264-3063-4649-AE08-6220357407BD}.Release|Any CPU.Build.0 = Release|Win32
		{7BCDA264-3063-4649-AE08-6220357407BD}.Release|x64.ActiveCfg = Release|x64
		{7BCDA264-3063-4649-AE08-6220357407BD}.Release|x64.Build.0 = Release|x64
		{7BCDA264-3063-4649-AE08-6220357407BD}.Release|x86.ActiveCfg = Release|Win32
		{7BCDA264-3063-4649-AE08-6220357407BD}.Release|x86.Build.0 = Release|Win32
		{2F2805D7-CC6F-4ADF-BDE7-4ADC97D50286}.Debug|Any CPU.ActiveCfg = Debug|Win32
		{2F2805D7-CC6F-4ADF-BDE7-4ADC97D50286}.Debug|Any CPU.Build.0 = Debug|Win32
		{2F2805D7-CC6F-4ADF-BDE7-4ADC97D50286}.Debug|x64.ActiveCfg = Debug|x64
		{2F2805D7-CC6F-4ADF-BDE7-4ADC97D50286}.Debug|x64.Build.0 = Debug|x64
		{2F2805D7-CC6F-4ADF-BDE7-4ADC97D50286}.Debug|x86.ActiveCfg = Debug|Win32
		{2F2805D7-CC6F-4ADF-BDE7-4ADC97D50286}.Debug|x86.Build.0 = Debug|Win32
		{2F2805D7-CC6F-4ADF-BDE7-4ADC97D50286}.Release|Any CPU.ActiveCfg = Release|Win32
		{2F2805D7-CC6F-4ADF-BDE7-4ADC97D50286}.Release|Any CPU.Build.0 = Release|Win32
		{2F2805D7-CC6F-4ADF-BDE7-4ADC97D50286}.Release|x64.ActiveCfg = Release|x64
		{2F2805D7-CC6F-4ADF-BDE7-4ADC97D50286}.Release|x64.Build.0 = Release|x64
		{2F2805D7-CC6F-4ADF-BDE7-4ADC97D50286}.Release|x86.ActiveCfg = Release|Win32
		{2F2805D7-CC6F-4ADF-BDE7-4ADC97D50286}.Release|x86.Build.0 = Release|Win32
	EndGlobalSection
	GlobalSection(SolutionProperties) = preSolution
		HideSolutionNode = FALSE
	EndGlobalSection
	GlobalSection(ExtensibilityGlobals) = postSolution
		SolutionGuid = {4D00E05E-DE88-465E-B8E4-13397FFC1BDA}
	EndGlobalSection
EndGlobal
